// !$*UTF8*$!
{
	archiveVersion = 1;
	classes = {
	};
	objectVersion = 46;
	objects = {

/* Begin PBXBuildFile section */
		CA0F62A818A6CFE9001FAA1A /* RestObject.m in Sources */ = {isa = PBXBuildFile; fileRef = CA0F62A718A6CFE9001FAA1A /* RestObject.m */; };
		CA0F62AD18A73D61001FAA1A /* StockViewController.m in Sources */ = {isa = PBXBuildFile; fileRef = CA0F62AC18A73D61001FAA1A /* StockViewController.m */; };
		CA0F62B018A742D2001FAA1A /* CommentCell.m in Sources */ = {isa = PBXBuildFile; fileRef = CA0F62AF18A742D2001FAA1A /* CommentCell.m */; };
		CA0F62B218A742F2001FAA1A /* CommentCell.xib in Resources */ = {isa = PBXBuildFile; fileRef = CA0F62B118A742F2001FAA1A /* CommentCell.xib */; };
		CA0F62B518A7464F001FAA1A /* Comment.m in Sources */ = {isa = PBXBuildFile; fileRef = CA0F62B418A7464F001FAA1A /* Comment.m */; };
		CA0F62B818A7550D001FAA1A /* HistoricalQuote.m in Sources */ = {isa = PBXBuildFile; fileRef = CA0F62B718A7550D001FAA1A /* HistoricalQuote.m */; };
		CA10089D1890647B0031CF68 /* Foundation.framework in Frameworks */ = {isa = PBXBuildFile; fileRef = CA10089C1890647B0031CF68 /* Foundation.framework */; };
		CA10089F1890647B0031CF68 /* CoreGraphics.framework in Frameworks */ = {isa = PBXBuildFile; fileRef = CA10089E1890647B0031CF68 /* CoreGraphics.framework */; };
		CA1008A11890647B0031CF68 /* UIKit.framework in Frameworks */ = {isa = PBXBuildFile; fileRef = CA1008A01890647B0031CF68 /* UIKit.framework */; };
		CA1008A71890647B0031CF68 /* InfoPlist.strings in Resources */ = {isa = PBXBuildFile; fileRef = CA1008A51890647B0031CF68 /* InfoPlist.strings */; };
		CA1008A91890647B0031CF68 /* main.m in Sources */ = {isa = PBXBuildFile; fileRef = CA1008A81890647B0031CF68 /* main.m */; };
		CA1008AD1890647B0031CF68 /* AppDelegate.m in Sources */ = {isa = PBXBuildFile; fileRef = CA1008AC1890647B0031CF68 /* AppDelegate.m */; };
		CA1008B51890647B0031CF68 /* Images.xcassets in Resources */ = {isa = PBXBuildFile; fileRef = CA1008B41890647B0031CF68 /* Images.xcassets */; };
		CA1008BC1890647B0031CF68 /* XCTest.framework in Frameworks */ = {isa = PBXBuildFile; fileRef = CA1008BB1890647B0031CF68 /* XCTest.framework */; };
		CA1008BD1890647B0031CF68 /* Foundation.framework in Frameworks */ = {isa = PBXBuildFile; fileRef = CA10089C1890647B0031CF68 /* Foundation.framework */; };
		CA1008BE1890647B0031CF68 /* UIKit.framework in Frameworks */ = {isa = PBXBuildFile; fileRef = CA1008A01890647B0031CF68 /* UIKit.framework */; };
		CA1008C61890647B0031CF68 /* InfoPlist.strings in Resources */ = {isa = PBXBuildFile; fileRef = CA1008C41890647B0031CF68 /* InfoPlist.strings */; };
		CA1008C81890647B0031CF68 /* WeTradeTests.m in Sources */ = {isa = PBXBuildFile; fileRef = CA1008C71890647B0031CF68 /* WeTradeTests.m */; };
		CA4A1DA818AA93A1002D2DEC /* History.m in Sources */ = {isa = PBXBuildFile; fileRef = CA4A1DA718AA93A1002D2DEC /* History.m */; };
		CA5D112D1898CDF9006940E8 /* IIViewDeckController.m in Sources */ = {isa = PBXBuildFile; fileRef = CA5D112C1898CDF9006940E8 /* IIViewDeckController.m */; };
		CA5D11301898CFDD006940E8 /* IIWrapController.m in Sources */ = {isa = PBXBuildFile; fileRef = CA5D112F1898CFDD006940E8 /* IIWrapController.m */; };
		CA60662818982BFE00A55D3F /* SignInViewController.m in Sources */ = {isa = PBXBuildFile; fileRef = CA60662718982BFE00A55D3F /* SignInViewController.m */; };
		CA60662B18982CC600A55D3F /* SignUpViewController.m in Sources */ = {isa = PBXBuildFile; fileRef = CA60662A18982CC600A55D3F /* SignUpViewController.m */; };
		CA6B5C0918AB0870006CB919 /* FollowButton.m in Sources */ = {isa = PBXBuildFile; fileRef = CA6B5C0818AB0870006CB919 /* FollowButton.m */; };
		CA7B32FC1898988B001C14AF /* Constants.m in Sources */ = {isa = PBXBuildFile; fileRef = CA7B32FB1898988B001C14AF /* Constants.m */; };
		CA829F0018AC62D600AEA465 /* profile_default.jpeg in Resources */ = {isa = PBXBuildFile; fileRef = CA829EFF18AC62D600AEA465 /* profile_default.jpeg */; };
		CA861DE018AEA4C00057D163 /* FollowingService.m in Sources */ = {isa = PBXBuildFile; fileRef = CA861DDF18AEA4C00057D163 /* FollowingService.m */; };
		CA861DED18AEC65C0057D163 /* follow_selected.png in Resources */ = {isa = PBXBuildFile; fileRef = CA861DEB18AEC65C0057D163 /* follow_selected.png */; };
		CA861DEE18AEC65C0057D163 /* follow.png in Resources */ = {isa = PBXBuildFile; fileRef = CA861DEC18AEC65C0057D163 /* follow.png */; };
		CA861DF218AEEAFC0057D163 /* core_plot_all.a in Frameworks */ = {isa = PBXBuildFile; fileRef = CA861DF118AEEAFC0057D163 /* core_plot_all.a */; };
		CA89420718B9A49A0046C1BD /* PortfolioService.m in Sources */ = {isa = PBXBuildFile; fileRef = CA89420618B9A49A0046C1BD /* PortfolioService.m */; };
		CA977C401896118B002AD88F /* ParseObject.m in Sources */ = {isa = PBXBuildFile; fileRef = CA977C3F1896118B002AD88F /* ParseObject.m */; };
		CA977C431896212F002AD88F /* PositionCell.m in Sources */ = {isa = PBXBuildFile; fileRef = CA977C421896212F002AD88F /* PositionCell.m */; };
		CA977C451896214E002AD88F /* PositionCell.xib in Resources */ = {isa = PBXBuildFile; fileRef = CA977C441896214E002AD88F /* PositionCell.xib */; };
		CA977C4818962696002AD88F /* Position.m in Sources */ = {isa = PBXBuildFile; fileRef = CA977C4718962696002AD88F /* Position.m */; };
		CA977C4C1896429D002AD88F /* FinanceClient.m in Sources */ = {isa = PBXBuildFile; fileRef = CA977C4B1896429D002AD88F /* FinanceClient.m */; };
		CA977C4F18964E8E002AD88F /* Quote.m in Sources */ = {isa = PBXBuildFile; fileRef = CA977C4E18964E8E002AD88F /* Quote.m */; };
		CAA6893F189B5F8100CE7FAA /* UserCell.xib in Resources */ = {isa = PBXBuildFile; fileRef = CAA6893E189B5F8100CE7FAA /* UserCell.xib */; };
		CAA68942189B5FA400CE7FAA /* UserCell.m in Sources */ = {isa = PBXBuildFile; fileRef = CAA68941189B5FA400CE7FAA /* UserCell.m */; };
		CAA68945189B60F300CE7FAA /* FollowingViewController.m in Sources */ = {isa = PBXBuildFile; fileRef = CAA68944189B60F300CE7FAA /* FollowingViewController.m */; };
		CAB14EAB189726E300B2C9BE /* Accelerate.framework in Frameworks */ = {isa = PBXBuildFile; fileRef = CAB14EAA189726E300B2C9BE /* Accelerate.framework */; };
		CAB14EFF1897307300B2C9BE /* Accounts.framework in Frameworks */ = {isa = PBXBuildFile; fileRef = CAB14EFD18972DAB00B2C9BE /* Accounts.framework */; settings = {ATTRIBUTES = (Required, ); }; };
		CAB14F03189730B400B2C9BE /* FacebookSDK.framework in Frameworks */ = {isa = PBXBuildFile; fileRef = CAB14F02189730B400B2C9BE /* FacebookSDK.framework */; };
		CACD593418919E7E006FD228 /* Main.storyboard in Resources */ = {isa = PBXBuildFile; fileRef = CACD593318919E7E006FD228 /* Main.storyboard */; };
		CACD593F1891C369006FD228 /* HomeViewController.m in Sources */ = {isa = PBXBuildFile; fileRef = CACD593E1891C369006FD228 /* HomeViewController.m */; };
		CACD59411891C4DC006FD228 /* Parse.framework in Frameworks */ = {isa = PBXBuildFile; fileRef = CACD59401891C4DC006FD228 /* Parse.framework */; };
		CACD594B1891C5A9006FD228 /* AudioToolbox.framework in Frameworks */ = {isa = PBXBuildFile; fileRef = CACD59421891C5A9006FD228 /* AudioToolbox.framework */; };
		CACD594C1891C5A9006FD228 /* CFNetwork.framework in Frameworks */ = {isa = PBXBuildFile; fileRef = CACD59431891C5A9006FD228 /* CFNetwork.framework */; };
		CACD594D1891C5A9006FD228 /* CoreLocation.framework in Frameworks */ = {isa = PBXBuildFile; fileRef = CACD59441891C5A9006FD228 /* CoreLocation.framework */; };
		CACD594E1891C5A9006FD228 /* libz.dylib in Frameworks */ = {isa = PBXBuildFile; fileRef = CACD59451891C5A9006FD228 /* libz.dylib */; };
		CACD594F1891C5A9006FD228 /* MobileCoreServices.framework in Frameworks */ = {isa = PBXBuildFile; fileRef = CACD59461891C5A9006FD228 /* MobileCoreServices.framework */; };
		CACD59501891C5A9006FD228 /* QuartzCore.framework in Frameworks */ = {isa = PBXBuildFile; fileRef = CACD59471891C5A9006FD228 /* QuartzCore.framework */; };
		CACD59511891C5A9006FD228 /* Security.framework in Frameworks */ = {isa = PBXBuildFile; fileRef = CACD59481891C5A9006FD228 /* Security.framework */; };
		CACD59521891C5A9006FD228 /* StoreKit.framework in Frameworks */ = {isa = PBXBuildFile; fileRef = CACD59491891C5A9006FD228 /* StoreKit.framework */; };
		CACD59531891C5A9006FD228 /* SystemConfiguration.framework in Frameworks */ = {isa = PBXBuildFile; fileRef = CACD594A1891C5A9006FD228 /* SystemConfiguration.framework */; };
		CACD59561891C6C6006FD228 /* ParseClient.m in Sources */ = {isa = PBXBuildFile; fileRef = CACD59551891C6C6006FD228 /* ParseClient.m */; };
		CACD59611891CDB3006FD228 /* MenuViewController.m in Sources */ = {isa = PBXBuildFile; fileRef = CACD59601891CDB3006FD228 /* MenuViewController.m */; };
		CACD59641891CFDE006FD228 /* EditLotsViewController.m in Sources */ = {isa = PBXBuildFile; fileRef = CACD59631891CFDE006FD228 /* EditLotsViewController.m */; };
		CACD596D1891D246006FD228 /* LotCell.m in Sources */ = {isa = PBXBuildFile; fileRef = CACD596C1891D246006FD228 /* LotCell.m */; };
		CACD59731891E67D006FD228 /* LotCell.xib in Resources */ = {isa = PBXBuildFile; fileRef = CACD59721891E67D006FD228 /* LotCell.xib */; };
		CACD597C1891EA35006FD228 /* Lot.m in Sources */ = {isa = PBXBuildFile; fileRef = CACD597B1891EA35006FD228 /* Lot.m */; };
		CACD597F1891F779006FD228 /* AddLotViewController.m in Sources */ = {isa = PBXBuildFile; fileRef = CACD597E1891F779006FD228 /* AddLotViewController.m */; };
		CAFBB69F18B7D62700A8FD03 /* FollowBarButton.m in Sources */ = {isa = PBXBuildFile; fileRef = CAFBB69E18B7D62700A8FD03 /* FollowBarButton.m */; };
/* End PBXBuildFile section */

/* Begin PBXContainerItemProxy section */
		CA1008BF1890647B0031CF68 /* PBXContainerItemProxy */ = {
			isa = PBXContainerItemProxy;
			containerPortal = CA1008911890647B0031CF68 /* Project object */;
			proxyType = 1;
			remoteGlobalIDString = CA1008981890647B0031CF68;
			remoteInfo = WeTrade;
		};
/* End PBXContainerItemProxy section */

/* Begin PBXFileReference section */
		CA0F62A618A6CFE9001FAA1A /* RestObject.h */ = {isa = PBXFileReference; fileEncoding = 4; lastKnownFileType = sourcecode.c.h; path = RestObject.h; sourceTree = "<group>"; };
		CA0F62A718A6CFE9001FAA1A /* RestObject.m */ = {isa = PBXFileReference; fileEncoding = 4; lastKnownFileType = sourcecode.c.objc; path = RestObject.m; sourceTree = "<group>"; };
		CA0F62AB18A73D61001FAA1A /* StockViewController.h */ = {isa = PBXFileReference; fileEncoding = 4; lastKnownFileType = sourcecode.c.h; path = StockViewController.h; sourceTree = "<group>"; };
		CA0F62AC18A73D61001FAA1A /* StockViewController.m */ = {isa = PBXFileReference; fileEncoding = 4; lastKnownFileType = sourcecode.c.objc; path = StockViewController.m; sourceTree = "<group>"; };
		CA0F62AE18A742D2001FAA1A /* CommentCell.h */ = {isa = PBXFileReference; fileEncoding = 4; lastKnownFileType = sourcecode.c.h; path = CommentCell.h; sourceTree = "<group>"; };
		CA0F62AF18A742D2001FAA1A /* CommentCell.m */ = {isa = PBXFileReference; fileEncoding = 4; lastKnownFileType = sourcecode.c.objc; path = CommentCell.m; sourceTree = "<group>"; };
		CA0F62B118A742F2001FAA1A /* CommentCell.xib */ = {isa = PBXFileReference; fileEncoding = 4; lastKnownFileType = file.xib; path = CommentCell.xib; sourceTree = "<group>"; };
		CA0F62B318A7464F001FAA1A /* Comment.h */ = {isa = PBXFileReference; fileEncoding = 4; lastKnownFileType = sourcecode.c.h; path = Comment.h; sourceTree = "<group>"; };
		CA0F62B418A7464F001FAA1A /* Comment.m */ = {isa = PBXFileReference; fileEncoding = 4; lastKnownFileType = sourcecode.c.objc; path = Comment.m; sourceTree = "<group>"; };
		CA0F62B618A7550D001FAA1A /* HistoricalQuote.h */ = {isa = PBXFileReference; fileEncoding = 4; lastKnownFileType = sourcecode.c.h; path = HistoricalQuote.h; sourceTree = "<group>"; };
		CA0F62B718A7550D001FAA1A /* HistoricalQuote.m */ = {isa = PBXFileReference; fileEncoding = 4; lastKnownFileType = sourcecode.c.objc; path = HistoricalQuote.m; sourceTree = "<group>"; };
		CA1008991890647B0031CF68 /* WeTrade.app */ = {isa = PBXFileReference; explicitFileType = wrapper.application; includeInIndex = 0; path = WeTrade.app; sourceTree = BUILT_PRODUCTS_DIR; };
		CA10089C1890647B0031CF68 /* Foundation.framework */ = {isa = PBXFileReference; lastKnownFileType = wrapper.framework; name = Foundation.framework; path = System/Library/Frameworks/Foundation.framework; sourceTree = SDKROOT; };
		CA10089E1890647B0031CF68 /* CoreGraphics.framework */ = {isa = PBXFileReference; lastKnownFileType = wrapper.framework; name = CoreGraphics.framework; path = System/Library/Frameworks/CoreGraphics.framework; sourceTree = SDKROOT; };
		CA1008A01890647B0031CF68 /* UIKit.framework */ = {isa = PBXFileReference; lastKnownFileType = wrapper.framework; name = UIKit.framework; path = System/Library/Frameworks/UIKit.framework; sourceTree = SDKROOT; };
		CA1008A41890647B0031CF68 /* WeTrade-Info.plist */ = {isa = PBXFileReference; lastKnownFileType = text.plist.xml; path = "WeTrade-Info.plist"; sourceTree = "<group>"; };
		CA1008A61890647B0031CF68 /* en */ = {isa = PBXFileReference; lastKnownFileType = text.plist.strings; name = en; path = en.lproj/InfoPlist.strings; sourceTree = "<group>"; };
		CA1008A81890647B0031CF68 /* main.m */ = {isa = PBXFileReference; lastKnownFileType = sourcecode.c.objc; path = main.m; sourceTree = "<group>"; };
		CA1008AA1890647B0031CF68 /* WeTrade-Prefix.pch */ = {isa = PBXFileReference; lastKnownFileType = sourcecode.c.h; path = "WeTrade-Prefix.pch"; sourceTree = "<group>"; };
		CA1008AB1890647B0031CF68 /* AppDelegate.h */ = {isa = PBXFileReference; lastKnownFileType = sourcecode.c.h; path = AppDelegate.h; sourceTree = "<group>"; };
		CA1008AC1890647B0031CF68 /* AppDelegate.m */ = {isa = PBXFileReference; lastKnownFileType = sourcecode.c.objc; path = AppDelegate.m; sourceTree = "<group>"; };
		CA1008B41890647B0031CF68 /* Images.xcassets */ = {isa = PBXFileReference; lastKnownFileType = folder.assetcatalog; path = Images.xcassets; sourceTree = "<group>"; };
		CA1008BA1890647B0031CF68 /* WeTradeTests.xctest */ = {isa = PBXFileReference; explicitFileType = wrapper.cfbundle; includeInIndex = 0; path = WeTradeTests.xctest; sourceTree = BUILT_PRODUCTS_DIR; };
		CA1008BB1890647B0031CF68 /* XCTest.framework */ = {isa = PBXFileReference; lastKnownFileType = wrapper.framework; name = XCTest.framework; path = Library/Frameworks/XCTest.framework; sourceTree = DEVELOPER_DIR; };
		CA1008C31890647B0031CF68 /* WeTradeTests-Info.plist */ = {isa = PBXFileReference; lastKnownFileType = text.plist.xml; path = "WeTradeTests-Info.plist"; sourceTree = "<group>"; };
		CA1008C51890647B0031CF68 /* en */ = {isa = PBXFileReference; lastKnownFileType = text.plist.strings; name = en; path = en.lproj/InfoPlist.strings; sourceTree = "<group>"; };
		CA1008C71890647B0031CF68 /* WeTradeTests.m */ = {isa = PBXFileReference; lastKnownFileType = sourcecode.c.objc; path = WeTradeTests.m; sourceTree = "<group>"; };
		CA4A1DA618AA93A1002D2DEC /* History.h */ = {isa = PBXFileReference; fileEncoding = 4; lastKnownFileType = sourcecode.c.h; path = History.h; sourceTree = "<group>"; };
		CA4A1DA718AA93A1002D2DEC /* History.m */ = {isa = PBXFileReference; fileEncoding = 4; lastKnownFileType = sourcecode.c.objc; path = History.m; sourceTree = "<group>"; };
		CA5D112B1898CDF9006940E8 /* IIViewDeckController.h */ = {isa = PBXFileReference; fileEncoding = 4; lastKnownFileType = sourcecode.c.h; path = IIViewDeckController.h; sourceTree = "<group>"; };
		CA5D112C1898CDF9006940E8 /* IIViewDeckController.m */ = {isa = PBXFileReference; fileEncoding = 4; lastKnownFileType = sourcecode.c.objc; path = IIViewDeckController.m; sourceTree = "<group>"; };
		CA5D112E1898CFDD006940E8 /* IIWrapController.h */ = {isa = PBXFileReference; fileEncoding = 4; lastKnownFileType = sourcecode.c.h; path = IIWrapController.h; sourceTree = "<group>"; };
		CA5D112F1898CFDD006940E8 /* IIWrapController.m */ = {isa = PBXFileReference; fileEncoding = 4; lastKnownFileType = sourcecode.c.objc; path = IIWrapController.m; sourceTree = "<group>"; };
		CA60662618982BFE00A55D3F /* SignInViewController.h */ = {isa = PBXFileReference; fileEncoding = 4; lastKnownFileType = sourcecode.c.h; path = SignInViewController.h; sourceTree = "<group>"; };
		CA60662718982BFE00A55D3F /* SignInViewController.m */ = {isa = PBXFileReference; fileEncoding = 4; lastKnownFileType = sourcecode.c.objc; path = SignInViewController.m; sourceTree = "<group>"; };
		CA60662918982CC600A55D3F /* SignUpViewController.h */ = {isa = PBXFileReference; fileEncoding = 4; lastKnownFileType = sourcecode.c.h; path = SignUpViewController.h; sourceTree = "<group>"; };
		CA60662A18982CC600A55D3F /* SignUpViewController.m */ = {isa = PBXFileReference; fileEncoding = 4; lastKnownFileType = sourcecode.c.objc; path = SignUpViewController.m; sourceTree = "<group>"; };
		CA6B5C0718AB0870006CB919 /* FollowButton.h */ = {isa = PBXFileReference; fileEncoding = 4; lastKnownFileType = sourcecode.c.h; path = FollowButton.h; sourceTree = "<group>"; };
		CA6B5C0818AB0870006CB919 /* FollowButton.m */ = {isa = PBXFileReference; fileEncoding = 4; lastKnownFileType = sourcecode.c.objc; path = FollowButton.m; sourceTree = "<group>"; };
		CA7B32FA1898988B001C14AF /* Constants.h */ = {isa = PBXFileReference; fileEncoding = 4; lastKnownFileType = sourcecode.c.h; path = Constants.h; sourceTree = "<group>"; };
		CA7B32FB1898988B001C14AF /* Constants.m */ = {isa = PBXFileReference; fileEncoding = 4; lastKnownFileType = sourcecode.c.objc; path = Constants.m; sourceTree = "<group>"; };
		CA829EFF18AC62D600AEA465 /* profile_default.jpeg */ = {isa = PBXFileReference; lastKnownFileType = image.jpeg; path = profile_default.jpeg; sourceTree = "<group>"; };
		CA861DDE18AEA4C00057D163 /* FollowingService.h */ = {isa = PBXFileReference; fileEncoding = 4; lastKnownFileType = sourcecode.c.h; path = FollowingService.h; sourceTree = "<group>"; };
		CA861DDF18AEA4C00057D163 /* FollowingService.m */ = {isa = PBXFileReference; fileEncoding = 4; lastKnownFileType = sourcecode.c.objc; path = FollowingService.m; sourceTree = "<group>"; };
		CA861DEB18AEC65C0057D163 /* follow_selected.png */ = {isa = PBXFileReference; lastKnownFileType = image.png; path = follow_selected.png; sourceTree = "<group>"; };
		CA861DEC18AEC65C0057D163 /* follow.png */ = {isa = PBXFileReference; lastKnownFileType = image.png; path = follow.png; sourceTree = "<group>"; };
		CA861DF118AEEAFC0057D163 /* core_plot_all.a */ = {isa = PBXFileReference; lastKnownFileType = archive.ar; path = core_plot_all.a; sourceTree = "<group>"; };
		CA89420518B9A49A0046C1BD /* PortfolioService.h */ = {isa = PBXFileReference; fileEncoding = 4; lastKnownFileType = sourcecode.c.h; path = PortfolioService.h; sourceTree = "<group>"; };
		CA89420618B9A49A0046C1BD /* PortfolioService.m */ = {isa = PBXFileReference; fileEncoding = 4; lastKnownFileType = sourcecode.c.objc; path = PortfolioService.m; sourceTree = "<group>"; };
		CA977C3E1896118B002AD88F /* ParseObject.h */ = {isa = PBXFileReference; fileEncoding = 4; lastKnownFileType = sourcecode.c.h; path = ParseObject.h; sourceTree = "<group>"; };
		CA977C3F1896118B002AD88F /* ParseObject.m */ = {isa = PBXFileReference; fileEncoding = 4; lastKnownFileType = sourcecode.c.objc; path = ParseObject.m; sourceTree = "<group>"; };
		CA977C411896212F002AD88F /* PositionCell.h */ = {isa = PBXFileReference; fileEncoding = 4; lastKnownFileType = sourcecode.c.h; path = PositionCell.h; sourceTree = "<group>"; };
		CA977C421896212F002AD88F /* PositionCell.m */ = {isa = PBXFileReference; fileEncoding = 4; lastKnownFileType = sourcecode.c.objc; path = PositionCell.m; sourceTree = "<group>"; };
		CA977C441896214E002AD88F /* PositionCell.xib */ = {isa = PBXFileReference; fileEncoding = 4; lastKnownFileType = file.xib; path = PositionCell.xib; sourceTree = "<group>"; };
		CA977C4618962696002AD88F /* Position.h */ = {isa = PBXFileReference; fileEncoding = 4; lastKnownFileType = sourcecode.c.h; path = Position.h; sourceTree = "<group>"; };
		CA977C4718962696002AD88F /* Position.m */ = {isa = PBXFileReference; fileEncoding = 4; lastKnownFileType = sourcecode.c.objc; path = Position.m; sourceTree = "<group>"; };
		CA977C4A1896429D002AD88F /* FinanceClient.h */ = {isa = PBXFileReference; fileEncoding = 4; lastKnownFileType = sourcecode.c.h; path = FinanceClient.h; sourceTree = "<group>"; };
		CA977C4B1896429D002AD88F /* FinanceClient.m */ = {isa = PBXFileReference; fileEncoding = 4; lastKnownFileType = sourcecode.c.objc; path = FinanceClient.m; sourceTree = "<group>"; };
		CA977C4D18964E8E002AD88F /* Quote.h */ = {isa = PBXFileReference; fileEncoding = 4; lastKnownFileType = sourcecode.c.h; path = Quote.h; sourceTree = "<group>"; };
		CA977C4E18964E8E002AD88F /* Quote.m */ = {isa = PBXFileReference; fileEncoding = 4; lastKnownFileType = sourcecode.c.objc; path = Quote.m; sourceTree = "<group>"; };
		CAA6893E189B5F8100CE7FAA /* UserCell.xib */ = {isa = PBXFileReference; fileEncoding = 4; lastKnownFileType = file.xib; path = UserCell.xib; sourceTree = "<group>"; };
		CAA68940189B5FA400CE7FAA /* UserCell.h */ = {isa = PBXFileReference; fileEncoding = 4; lastKnownFileType = sourcecode.c.h; path = UserCell.h; sourceTree = "<group>"; };
		CAA68941189B5FA400CE7FAA /* UserCell.m */ = {isa = PBXFileReference; fileEncoding = 4; lastKnownFileType = sourcecode.c.objc; path = UserCell.m; sourceTree = "<group>"; };
		CAA68943189B60F300CE7FAA /* FollowingViewController.h */ = {isa = PBXFileReference; fileEncoding = 4; lastKnownFileType = sourcecode.c.h; path = FollowingViewController.h; sourceTree = "<group>"; };
		CAA68944189B60F300CE7FAA /* FollowingViewController.m */ = {isa = PBXFileReference; fileEncoding = 4; lastKnownFileType = sourcecode.c.objc; path = FollowingViewController.m; sourceTree = "<group>"; };
		CAB14EAA189726E300B2C9BE /* Accelerate.framework */ = {isa = PBXFileReference; lastKnownFileType = wrapper.framework; name = Accelerate.framework; path = System/Library/Frameworks/Accelerate.framework; sourceTree = SDKROOT; };
		CAB14EAD189727EE00B2C9BE /* CorePlot-CocoaTouch.h */ = {isa = PBXFileReference; fileEncoding = 4; lastKnownFileType = sourcecode.c.h; path = "CorePlot-CocoaTouch.h"; sourceTree = "<group>"; };
		CAB14EAE189727EE00B2C9BE /* CPTAnimation.h */ = {isa = PBXFileReference; fileEncoding = 4; lastKnownFileType = sourcecode.c.h; path = CPTAnimation.h; sourceTree = "<group>"; };
		CAB14EAF189727EE00B2C9BE /* CPTAnimationOperation.h */ = {isa = PBXFileReference; fileEncoding = 4; lastKnownFileType = sourcecode.c.h; path = CPTAnimationOperation.h; sourceTree = "<group>"; };
		CAB14EB0189727EE00B2C9BE /* CPTAnimationPeriod.h */ = {isa = PBXFileReference; fileEncoding = 4; lastKnownFileType = sourcecode.c.h; path = CPTAnimationPeriod.h; sourceTree = "<group>"; };
		CAB14EB1189727EE00B2C9BE /* CPTAnnotation.h */ = {isa = PBXFileReference; fileEncoding = 4; lastKnownFileType = sourcecode.c.h; path = CPTAnnotation.h; sourceTree = "<group>"; };
		CAB14EB2189727EE00B2C9BE /* CPTAnnotationHostLayer.h */ = {isa = PBXFileReference; fileEncoding = 4; lastKnownFileType = sourcecode.c.h; path = CPTAnnotationHostLayer.h; sourceTree = "<group>"; };
		CAB14EB3189727EE00B2C9BE /* CPTAxis.h */ = {isa = PBXFileReference; fileEncoding = 4; lastKnownFileType = sourcecode.c.h; path = CPTAxis.h; sourceTree = "<group>"; };
		CAB14EB4189727EE00B2C9BE /* CPTAxisLabel.h */ = {isa = PBXFileReference; fileEncoding = 4; lastKnownFileType = sourcecode.c.h; path = CPTAxisLabel.h; sourceTree = "<group>"; };
		CAB14EB5189727EE00B2C9BE /* CPTAxisLabelGroup.h */ = {isa = PBXFileReference; fileEncoding = 4; lastKnownFileType = sourcecode.c.h; path = CPTAxisLabelGroup.h; sourceTree = "<group>"; };
		CAB14EB6189727EE00B2C9BE /* CPTAxisSet.h */ = {isa = PBXFileReference; fileEncoding = 4; lastKnownFileType = sourcecode.c.h; path = CPTAxisSet.h; sourceTree = "<group>"; };
		CAB14EB7189727EE00B2C9BE /* CPTAxisTitle.h */ = {isa = PBXFileReference; fileEncoding = 4; lastKnownFileType = sourcecode.c.h; path = CPTAxisTitle.h; sourceTree = "<group>"; };
		CAB14EB8189727EE00B2C9BE /* CPTBarPlot.h */ = {isa = PBXFileReference; fileEncoding = 4; lastKnownFileType = sourcecode.c.h; path = CPTBarPlot.h; sourceTree = "<group>"; };
		CAB14EB9189727EE00B2C9BE /* CPTBorderedLayer.h */ = {isa = PBXFileReference; fileEncoding = 4; lastKnownFileType = sourcecode.c.h; path = CPTBorderedLayer.h; sourceTree = "<group>"; };
		CAB14EBA189727EE00B2C9BE /* CPTCalendarFormatter.h */ = {isa = PBXFileReference; fileEncoding = 4; lastKnownFileType = sourcecode.c.h; path = CPTCalendarFormatter.h; sourceTree = "<group>"; };
		CAB14EBB189727EE00B2C9BE /* CPTColor.h */ = {isa = PBXFileReference; fileEncoding = 4; lastKnownFileType = sourcecode.c.h; path = CPTColor.h; sourceTree = "<group>"; };
		CAB14EBC189727EE00B2C9BE /* CPTColorSpace.h */ = {isa = PBXFileReference; fileEncoding = 4; lastKnownFileType = sourcecode.c.h; path = CPTColorSpace.h; sourceTree = "<group>"; };
		CAB14EBD189727EE00B2C9BE /* CPTConstraints.h */ = {isa = PBXFileReference; fileEncoding = 4; lastKnownFileType = sourcecode.c.h; path = CPTConstraints.h; sourceTree = "<group>"; };
		CAB14EBE189727EE00B2C9BE /* CPTDataSourceTestCase.h */ = {isa = PBXFileReference; fileEncoding = 4; lastKnownFileType = sourcecode.c.h; path = CPTDataSourceTestCase.h; sourceTree = "<group>"; };
		CAB14EBF189727EE00B2C9BE /* CPTDefinitions.h */ = {isa = PBXFileReference; fileEncoding = 4; lastKnownFileType = sourcecode.c.h; path = CPTDefinitions.h; sourceTree = "<group>"; };
		CAB14EC0189727EE00B2C9BE /* CPTDerivedXYGraph.h */ = {isa = PBXFileReference; fileEncoding = 4; lastKnownFileType = sourcecode.c.h; path = CPTDerivedXYGraph.h; sourceTree = "<group>"; };
		CAB14EC1189727EE00B2C9BE /* CPTExceptions.h */ = {isa = PBXFileReference; fileEncoding = 4; lastKnownFileType = sourcecode.c.h; path = CPTExceptions.h; sourceTree = "<group>"; };
		CAB14EC2189727EE00B2C9BE /* CPTFill.h */ = {isa = PBXFileReference; fileEncoding = 4; lastKnownFileType = sourcecode.c.h; path = CPTFill.h; sourceTree = "<group>"; };
		CAB14EC3189727EE00B2C9BE /* CPTFunctionDataSource.h */ = {isa = PBXFileReference; fileEncoding = 4; lastKnownFileType = sourcecode.c.h; path = CPTFunctionDataSource.h; sourceTree = "<group>"; };
		CAB14EC4189727EE00B2C9BE /* CPTGradient.h */ = {isa = PBXFileReference; fileEncoding = 4; lastKnownFileType = sourcecode.c.h; path = CPTGradient.h; sourceTree = "<group>"; };
		CAB14EC5189727EE00B2C9BE /* CPTGraph.h */ = {isa = PBXFileReference; fileEncoding = 4; lastKnownFileType = sourcecode.c.h; path = CPTGraph.h; sourceTree = "<group>"; };
		CAB14EC6189727EE00B2C9BE /* CPTGraphHostingView.h */ = {isa = PBXFileReference; fileEncoding = 4; lastKnownFileType = sourcecode.c.h; path = CPTGraphHostingView.h; sourceTree = "<group>"; };
		CAB14EC7189727EE00B2C9BE /* CPTGridLineGroup.h */ = {isa = PBXFileReference; fileEncoding = 4; lastKnownFileType = sourcecode.c.h; path = CPTGridLineGroup.h; sourceTree = "<group>"; };
		CAB14EC8189727EE00B2C9BE /* CPTGridLines.h */ = {isa = PBXFileReference; fileEncoding = 4; lastKnownFileType = sourcecode.c.h; path = CPTGridLines.h; sourceTree = "<group>"; };
		CAB14EC9189727EE00B2C9BE /* CPTImage.h */ = {isa = PBXFileReference; fileEncoding = 4; lastKnownFileType = sourcecode.c.h; path = CPTImage.h; sourceTree = "<group>"; };
		CAB14ECA189727EE00B2C9BE /* CPTLayer.h */ = {isa = PBXFileReference; fileEncoding = 4; lastKnownFileType = sourcecode.c.h; path = CPTLayer.h; sourceTree = "<group>"; };
		CAB14ECB189727EE00B2C9BE /* CPTLayerAnnotation.h */ = {isa = PBXFileReference; fileEncoding = 4; lastKnownFileType = sourcecode.c.h; path = CPTLayerAnnotation.h; sourceTree = "<group>"; };
		CAB14ECC189727EE00B2C9BE /* CPTLegend.h */ = {isa = PBXFileReference; fileEncoding = 4; lastKnownFileType = sourcecode.c.h; path = CPTLegend.h; sourceTree = "<group>"; };
		CAB14ECD189727EE00B2C9BE /* CPTLegendEntry.h */ = {isa = PBXFileReference; fileEncoding = 4; lastKnownFileType = sourcecode.c.h; path = CPTLegendEntry.h; sourceTree = "<group>"; };
		CAB14ECE189727EE00B2C9BE /* CPTLimitBand.h */ = {isa = PBXFileReference; fileEncoding = 4; lastKnownFileType = sourcecode.c.h; path = CPTLimitBand.h; sourceTree = "<group>"; };
		CAB14ECF189727EE00B2C9BE /* CPTLineCap.h */ = {isa = PBXFileReference; fileEncoding = 4; lastKnownFileType = sourcecode.c.h; path = CPTLineCap.h; sourceTree = "<group>"; };
		CAB14ED0189727EE00B2C9BE /* CPTLineStyle.h */ = {isa = PBXFileReference; fileEncoding = 4; lastKnownFileType = sourcecode.c.h; path = CPTLineStyle.h; sourceTree = "<group>"; };
		CAB14ED1189727EE00B2C9BE /* CPTMutableLineStyle.h */ = {isa = PBXFileReference; fileEncoding = 4; lastKnownFileType = sourcecode.c.h; path = CPTMutableLineStyle.h; sourceTree = "<group>"; };
		CAB14ED2189727EE00B2C9BE /* CPTMutableNumericData+TypeConversion.h */ = {isa = PBXFileReference; fileEncoding = 4; lastKnownFileType = sourcecode.c.h; path = "CPTMutableNumericData+TypeConversion.h"; sourceTree = "<group>"; };
		CAB14ED3189727EE00B2C9BE /* CPTMutableNumericData.h */ = {isa = PBXFileReference; fileEncoding = 4; lastKnownFileType = sourcecode.c.h; path = CPTMutableNumericData.h; sourceTree = "<group>"; };
		CAB14ED4189727EE00B2C9BE /* CPTMutablePlotRange.h */ = {isa = PBXFileReference; fileEncoding = 4; lastKnownFileType = sourcecode.c.h; path = CPTMutablePlotRange.h; sourceTree = "<group>"; };
		CAB14ED5189727EE00B2C9BE /* CPTMutableShadow.h */ = {isa = PBXFileReference; fileEncoding = 4; lastKnownFileType = sourcecode.c.h; path = CPTMutableShadow.h; sourceTree = "<group>"; };
		CAB14ED6189727EE00B2C9BE /* CPTMutableTextStyle.h */ = {isa = PBXFileReference; fileEncoding = 4; lastKnownFileType = sourcecode.c.h; path = CPTMutableTextStyle.h; sourceTree = "<group>"; };
		CAB14ED7189727EE00B2C9BE /* CPTNumericData+TypeConversion.h */ = {isa = PBXFileReference; fileEncoding = 4; lastKnownFileType = sourcecode.c.h; path = "CPTNumericData+TypeConversion.h"; sourceTree = "<group>"; };
		CAB14ED8189727EE00B2C9BE /* CPTNumericData.h */ = {isa = PBXFileReference; fileEncoding = 4; lastKnownFileType = sourcecode.c.h; path = CPTNumericData.h; sourceTree = "<group>"; };
		CAB14ED9189727EE00B2C9BE /* CPTNumericDataType.h */ = {isa = PBXFileReference; fileEncoding = 4; lastKnownFileType = sourcecode.c.h; path = CPTNumericDataType.h; sourceTree = "<group>"; };
		CAB14EDA189727EE00B2C9BE /* CPTPathExtensions.h */ = {isa = PBXFileReference; fileEncoding = 4; lastKnownFileType = sourcecode.c.h; path = CPTPathExtensions.h; sourceTree = "<group>"; };
		CAB14EDB189727EE00B2C9BE /* CPTPieChart.h */ = {isa = PBXFileReference; fileEncoding = 4; lastKnownFileType = sourcecode.c.h; path = CPTPieChart.h; sourceTree = "<group>"; };
		CAB14EDC189727EE00B2C9BE /* CPTPlatformSpecificCategories.h */ = {isa = PBXFileReference; fileEncoding = 4; lastKnownFileType = sourcecode.c.h; path = CPTPlatformSpecificCategories.h; sourceTree = "<group>"; };
		CAB14EDD189727EE00B2C9BE /* CPTPlatformSpecificDefines.h */ = {isa = PBXFileReference; fileEncoding = 4; lastKnownFileType = sourcecode.c.h; path = CPTPlatformSpecificDefines.h; sourceTree = "<group>"; };
		CAB14EDE189727EE00B2C9BE /* CPTPlatformSpecificFunctions.h */ = {isa = PBXFileReference; fileEncoding = 4; lastKnownFileType = sourcecode.c.h; path = CPTPlatformSpecificFunctions.h; sourceTree = "<group>"; };
		CAB14EDF189727EE00B2C9BE /* CPTPlot.h */ = {isa = PBXFileReference; fileEncoding = 4; lastKnownFileType = sourcecode.c.h; path = CPTPlot.h; sourceTree = "<group>"; };
		CAB14EE0189727EE00B2C9BE /* CPTPlotArea.h */ = {isa = PBXFileReference; fileEncoding = 4; lastKnownFileType = sourcecode.c.h; path = CPTPlotArea.h; sourceTree = "<group>"; };
		CAB14EE1189727EE00B2C9BE /* CPTPlotAreaFrame.h */ = {isa = PBXFileReference; fileEncoding = 4; lastKnownFileType = sourcecode.c.h; path = CPTPlotAreaFrame.h; sourceTree = "<group>"; };
		CAB14EE2189727EE00B2C9BE /* CPTPlotGroup.h */ = {isa = PBXFileReference; fileEncoding = 4; lastKnownFileType = sourcecode.c.h; path = CPTPlotGroup.h; sourceTree = "<group>"; };
		CAB14EE3189727EE00B2C9BE /* CPTPlotRange.h */ = {isa = PBXFileReference; fileEncoding = 4; lastKnownFileType = sourcecode.c.h; path = CPTPlotRange.h; sourceTree = "<group>"; };
		CAB14EE4189727EE00B2C9BE /* CPTPlotSpace.h */ = {isa = PBXFileReference; fileEncoding = 4; lastKnownFileType = sourcecode.c.h; path = CPTPlotSpace.h; sourceTree = "<group>"; };
		CAB14EE5189727EE00B2C9BE /* CPTPlotSpaceAnnotation.h */ = {isa = PBXFileReference; fileEncoding = 4; lastKnownFileType = sourcecode.c.h; path = CPTPlotSpaceAnnotation.h; sourceTree = "<group>"; };
		CAB14EE6189727EE00B2C9BE /* CPTPlotSymbol.h */ = {isa = PBXFileReference; fileEncoding = 4; lastKnownFileType = sourcecode.c.h; path = CPTPlotSymbol.h; sourceTree = "<group>"; };
		CAB14EE7189727EE00B2C9BE /* CPTRangePlot.h */ = {isa = PBXFileReference; fileEncoding = 4; lastKnownFileType = sourcecode.c.h; path = CPTRangePlot.h; sourceTree = "<group>"; };
		CAB14EE8189727EE00B2C9BE /* CPTResponder.h */ = {isa = PBXFileReference; fileEncoding = 4; lastKnownFileType = sourcecode.c.h; path = CPTResponder.h; sourceTree = "<group>"; };
		CAB14EE9189727EE00B2C9BE /* CPTScatterPlot.h */ = {isa = PBXFileReference; fileEncoding = 4; lastKnownFileType = sourcecode.c.h; path = CPTScatterPlot.h; sourceTree = "<group>"; };
		CAB14EEA189727EE00B2C9BE /* CPTShadow.h */ = {isa = PBXFileReference; fileEncoding = 4; lastKnownFileType = sourcecode.c.h; path = CPTShadow.h; sourceTree = "<group>"; };
		CAB14EEB189727EE00B2C9BE /* CPTTestCase.h */ = {isa = PBXFileReference; fileEncoding = 4; lastKnownFileType = sourcecode.c.h; path = CPTTestCase.h; sourceTree = "<group>"; };
		CAB14EEC189727EE00B2C9BE /* CPTTextLayer.h */ = {isa = PBXFileReference; fileEncoding = 4; lastKnownFileType = sourcecode.c.h; path = CPTTextLayer.h; sourceTree = "<group>"; };
		CAB14EED189727EE00B2C9BE /* CPTTextStyle.h */ = {isa = PBXFileReference; fileEncoding = 4; lastKnownFileType = sourcecode.c.h; path = CPTTextStyle.h; sourceTree = "<group>"; };
		CAB14EEE189727EE00B2C9BE /* CPTTextStylePlatformSpecific.h */ = {isa = PBXFileReference; fileEncoding = 4; lastKnownFileType = sourcecode.c.h; path = CPTTextStylePlatformSpecific.h; sourceTree = "<group>"; };
		CAB14EEF189727EE00B2C9BE /* CPTTheme.h */ = {isa = PBXFileReference; fileEncoding = 4; lastKnownFileType = sourcecode.c.h; path = CPTTheme.h; sourceTree = "<group>"; };
		CAB14EF0189727EE00B2C9BE /* CPTTimeFormatter.h */ = {isa = PBXFileReference; fileEncoding = 4; lastKnownFileType = sourcecode.c.h; path = CPTTimeFormatter.h; sourceTree = "<group>"; };
		CAB14EF1189727EE00B2C9BE /* CPTTradingRangePlot.h */ = {isa = PBXFileReference; fileEncoding = 4; lastKnownFileType = sourcecode.c.h; path = CPTTradingRangePlot.h; sourceTree = "<group>"; };
		CAB14EF2189727EE00B2C9BE /* CPTUtilities.h */ = {isa = PBXFileReference; fileEncoding = 4; lastKnownFileType = sourcecode.c.h; path = CPTUtilities.h; sourceTree = "<group>"; };
		CAB14EF3189727EE00B2C9BE /* CPTXYAxis.h */ = {isa = PBXFileReference; fileEncoding = 4; lastKnownFileType = sourcecode.c.h; path = CPTXYAxis.h; sourceTree = "<group>"; };
		CAB14EF4189727EE00B2C9BE /* CPTXYAxisSet.h */ = {isa = PBXFileReference; fileEncoding = 4; lastKnownFileType = sourcecode.c.h; path = CPTXYAxisSet.h; sourceTree = "<group>"; };
		CAB14EF5189727EE00B2C9BE /* CPTXYGraph.h */ = {isa = PBXFileReference; fileEncoding = 4; lastKnownFileType = sourcecode.c.h; path = CPTXYGraph.h; sourceTree = "<group>"; };
		CAB14EF6189727EE00B2C9BE /* CPTXYPlotSpace.h */ = {isa = PBXFileReference; fileEncoding = 4; lastKnownFileType = sourcecode.c.h; path = CPTXYPlotSpace.h; sourceTree = "<group>"; };
		CAB14EF7189727EE00B2C9BE /* mainpage.h */ = {isa = PBXFileReference; fileEncoding = 4; lastKnownFileType = sourcecode.c.h; path = mainpage.h; sourceTree = "<group>"; };
		CAB14EF8189727EE00B2C9BE /* NSCoderExtensions.h */ = {isa = PBXFileReference; fileEncoding = 4; lastKnownFileType = sourcecode.c.h; path = NSCoderExtensions.h; sourceTree = "<group>"; };
		CAB14EF9189727EE00B2C9BE /* NSDecimalNumberExtensions.h */ = {isa = PBXFileReference; fileEncoding = 4; lastKnownFileType = sourcecode.c.h; path = NSDecimalNumberExtensions.h; sourceTree = "<group>"; };
		CAB14EFA189727EE00B2C9BE /* NSNumberExtensions.h */ = {isa = PBXFileReference; fileEncoding = 4; lastKnownFileType = sourcecode.c.h; path = NSNumberExtensions.h; sourceTree = "<group>"; };
		CAB14EFD18972DAB00B2C9BE /* Accounts.framework */ = {isa = PBXFileReference; lastKnownFileType = wrapper.framework; name = Accounts.framework; path = System/Library/Frameworks/Accounts.framework; sourceTree = SDKROOT; };
		CAB14F001897307A00B2C9BE /* Social.framework */ = {isa = PBXFileReference; lastKnownFileType = wrapper.framework; name = Social.framework; path = System/Library/Frameworks/Social.framework; sourceTree = SDKROOT; };
		CAB14F02189730B400B2C9BE /* FacebookSDK.framework */ = {isa = PBXFileReference; lastKnownFileType = wrapper.framework; path = FacebookSDK.framework; sourceTree = "<group>"; };
		CACD593318919E7E006FD228 /* Main.storyboard */ = {isa = PBXFileReference; fileEncoding = 4; lastKnownFileType = file.storyboard; path = Main.storyboard; sourceTree = "<group>"; };
		CACD593D1891C369006FD228 /* HomeViewController.h */ = {isa = PBXFileReference; fileEncoding = 4; lastKnownFileType = sourcecode.c.h; path = HomeViewController.h; sourceTree = "<group>"; };
		CACD593E1891C369006FD228 /* HomeViewController.m */ = {isa = PBXFileReference; fileEncoding = 4; lastKnownFileType = sourcecode.c.objc; path = HomeViewController.m; sourceTree = "<group>"; };
		CACD59401891C4DC006FD228 /* Parse.framework */ = {isa = PBXFileReference; lastKnownFileType = wrapper.framework; path = Parse.framework; sourceTree = "<group>"; };
		CACD59421891C5A9006FD228 /* AudioToolbox.framework */ = {isa = PBXFileReference; lastKnownFileType = wrapper.framework; name = AudioToolbox.framework; path = System/Library/Frameworks/AudioToolbox.framework; sourceTree = SDKROOT; };
		CACD59431891C5A9006FD228 /* CFNetwork.framework */ = {isa = PBXFileReference; lastKnownFileType = wrapper.framework; name = CFNetwork.framework; path = System/Library/Frameworks/CFNetwork.framework; sourceTree = SDKROOT; };
		CACD59441891C5A9006FD228 /* CoreLocation.framework */ = {isa = PBXFileReference; lastKnownFileType = wrapper.framework; name = CoreLocation.framework; path = System/Library/Frameworks/CoreLocation.framework; sourceTree = SDKROOT; };
		CACD59451891C5A9006FD228 /* libz.dylib */ = {isa = PBXFileReference; lastKnownFileType = "compiled.mach-o.dylib"; name = libz.dylib; path = usr/lib/libz.dylib; sourceTree = SDKROOT; };
		CACD59461891C5A9006FD228 /* MobileCoreServices.framework */ = {isa = PBXFileReference; lastKnownFileType = wrapper.framework; name = MobileCoreServices.framework; path = System/Library/Frameworks/MobileCoreServices.framework; sourceTree = SDKROOT; };
		CACD59471891C5A9006FD228 /* QuartzCore.framework */ = {isa = PBXFileReference; lastKnownFileType = wrapper.framework; name = QuartzCore.framework; path = System/Library/Frameworks/QuartzCore.framework; sourceTree = SDKROOT; };
		CACD59481891C5A9006FD228 /* Security.framework */ = {isa = PBXFileReference; lastKnownFileType = wrapper.framework; name = Security.framework; path = System/Library/Frameworks/Security.framework; sourceTree = SDKROOT; };
		CACD59491891C5A9006FD228 /* StoreKit.framework */ = {isa = PBXFileReference; lastKnownFileType = wrapper.framework; name = StoreKit.framework; path = System/Library/Frameworks/StoreKit.framework; sourceTree = SDKROOT; };
		CACD594A1891C5A9006FD228 /* SystemConfiguration.framework */ = {isa = PBXFileReference; lastKnownFileType = wrapper.framework; name = SystemConfiguration.framework; path = System/Library/Frameworks/SystemConfiguration.framework; sourceTree = SDKROOT; };
		CACD59541891C6C6006FD228 /* ParseClient.h */ = {isa = PBXFileReference; fileEncoding = 4; lastKnownFileType = sourcecode.c.h; path = ParseClient.h; sourceTree = "<group>"; };
		CACD59551891C6C6006FD228 /* ParseClient.m */ = {isa = PBXFileReference; fileEncoding = 4; lastKnownFileType = sourcecode.c.objc; path = ParseClient.m; sourceTree = "<group>"; };
		CACD595F1891CDB3006FD228 /* MenuViewController.h */ = {isa = PBXFileReference; fileEncoding = 4; lastKnownFileType = sourcecode.c.h; path = MenuViewController.h; sourceTree = "<group>"; };
		CACD59601891CDB3006FD228 /* MenuViewController.m */ = {isa = PBXFileReference; fileEncoding = 4; lastKnownFileType = sourcecode.c.objc; path = MenuViewController.m; sourceTree = "<group>"; };
		CACD59621891CFDE006FD228 /* EditLotsViewController.h */ = {isa = PBXFileReference; fileEncoding = 4; lastKnownFileType = sourcecode.c.h; path = EditLotsViewController.h; sourceTree = "<group>"; };
		CACD59631891CFDE006FD228 /* EditLotsViewController.m */ = {isa = PBXFileReference; fileEncoding = 4; lastKnownFileType = sourcecode.c.objc; path = EditLotsViewController.m; sourceTree = "<group>"; };
		CACD596B1891D246006FD228 /* LotCell.h */ = {isa = PBXFileReference; fileEncoding = 4; lastKnownFileType = sourcecode.c.h; path = LotCell.h; sourceTree = "<group>"; };
		CACD596C1891D246006FD228 /* LotCell.m */ = {isa = PBXFileReference; fileEncoding = 4; lastKnownFileType = sourcecode.c.objc; path = LotCell.m; sourceTree = "<group>"; };
		CACD59721891E67D006FD228 /* LotCell.xib */ = {isa = PBXFileReference; fileEncoding = 4; lastKnownFileType = file.xib; path = LotCell.xib; sourceTree = "<group>"; };
		CACD597A1891EA35006FD228 /* Lot.h */ = {isa = PBXFileReference; fileEncoding = 4; lastKnownFileType = sourcecode.c.h; path = Lot.h; sourceTree = "<group>"; };
		CACD597B1891EA35006FD228 /* Lot.m */ = {isa = PBXFileReference; fileEncoding = 4; lastKnownFileType = sourcecode.c.objc; path = Lot.m; sourceTree = "<group>"; };
		CACD597D1891F779006FD228 /* AddLotViewController.h */ = {isa = PBXFileReference; fileEncoding = 4; lastKnownFileType = sourcecode.c.h; path = AddLotViewController.h; sourceTree = "<group>"; };
		CACD597E1891F779006FD228 /* AddLotViewController.m */ = {isa = PBXFileReference; fileEncoding = 4; lastKnownFileType = sourcecode.c.objc; path = AddLotViewController.m; sourceTree = "<group>"; };
		CAFBB69D18B7D62700A8FD03 /* FollowBarButton.h */ = {isa = PBXFileReference; fileEncoding = 4; lastKnownFileType = sourcecode.c.h; path = FollowBarButton.h; sourceTree = "<group>"; };
		CAFBB69E18B7D62700A8FD03 /* FollowBarButton.m */ = {isa = PBXFileReference; fileEncoding = 4; lastKnownFileType = sourcecode.c.objc; path = FollowBarButton.m; sourceTree = "<group>"; };
/* End PBXFileReference section */

/* Begin PBXFrameworksBuildPhase section */
		CA1008961890647B0031CF68 /* Frameworks */ = {
			isa = PBXFrameworksBuildPhase;
			buildActionMask = 2147483647;
			files = (
				CAB14EFF1897307300B2C9BE /* Accounts.framework in Frameworks */,
				CAB14EAB189726E300B2C9BE /* Accelerate.framework in Frameworks */,
				CACD59501891C5A9006FD228 /* QuartzCore.framework in Frameworks */,
				CAB14F03189730B400B2C9BE /* FacebookSDK.framework in Frameworks */,
				CACD594B1891C5A9006FD228 /* AudioToolbox.framework in Frameworks */,
				CACD594C1891C5A9006FD228 /* CFNetwork.framework in Frameworks */,
				CACD594D1891C5A9006FD228 /* CoreLocation.framework in Frameworks */,
				CACD594E1891C5A9006FD228 /* libz.dylib in Frameworks */,
				CACD594F1891C5A9006FD228 /* MobileCoreServices.framework in Frameworks */,
				CACD59511891C5A9006FD228 /* Security.framework in Frameworks */,
				CACD59521891C5A9006FD228 /* StoreKit.framework in Frameworks */,
				CACD59531891C5A9006FD228 /* SystemConfiguration.framework in Frameworks */,
				CA861DF218AEEAFC0057D163 /* core_plot_all.a in Frameworks */,
				CA10089F1890647B0031CF68 /* CoreGraphics.framework in Frameworks */,
				CA1008A11890647B0031CF68 /* UIKit.framework in Frameworks */,
				CACD59411891C4DC006FD228 /* Parse.framework in Frameworks */,
				CA10089D1890647B0031CF68 /* Foundation.framework in Frameworks */,
			);
			runOnlyForDeploymentPostprocessing = 0;
		};
		CA1008B71890647B0031CF68 /* Frameworks */ = {
			isa = PBXFrameworksBuildPhase;
			buildActionMask = 2147483647;
			files = (
				CA1008BC1890647B0031CF68 /* XCTest.framework in Frameworks */,
				CA1008BE1890647B0031CF68 /* UIKit.framework in Frameworks */,
				CA1008BD1890647B0031CF68 /* Foundation.framework in Frameworks */,
			);
			runOnlyForDeploymentPostprocessing = 0;
		};
/* End PBXFrameworksBuildPhase section */

/* Begin PBXGroup section */
		CA1008901890647B0031CF68 = {
			isa = PBXGroup;
			children = (
				CA861DF118AEEAFC0057D163 /* core_plot_all.a */,
				CA1008A21890647B0031CF68 /* WeTrade */,
				CA1008C11890647B0031CF68 /* WeTradeTests */,
				CA10089B1890647B0031CF68 /* Frameworks */,
				CA10089A1890647B0031CF68 /* Products */,
				CAB14EAC189727EE00B2C9BE /* CorePlotHeaders */,
			);
			sourceTree = "<group>";
		};
		CA10089A1890647B0031CF68 /* Products */ = {
			isa = PBXGroup;
			children = (
				CA1008991890647B0031CF68 /* WeTrade.app */,
				CA1008BA1890647B0031CF68 /* WeTradeTests.xctest */,
			);
			name = Products;
			sourceTree = "<group>";
		};
		CA10089B1890647B0031CF68 /* Frameworks */ = {
			isa = PBXGroup;
			children = (
				CAB14F02189730B400B2C9BE /* FacebookSDK.framework */,
				CAB14F001897307A00B2C9BE /* Social.framework */,
				CAB14EFD18972DAB00B2C9BE /* Accounts.framework */,
				CAB14EAA189726E300B2C9BE /* Accelerate.framework */,
				CACD59421891C5A9006FD228 /* AudioToolbox.framework */,
				CACD59431891C5A9006FD228 /* CFNetwork.framework */,
				CACD59441891C5A9006FD228 /* CoreLocation.framework */,
				CACD59451891C5A9006FD228 /* libz.dylib */,
				CACD59461891C5A9006FD228 /* MobileCoreServices.framework */,
				CACD59471891C5A9006FD228 /* QuartzCore.framework */,
				CACD59481891C5A9006FD228 /* Security.framework */,
				CACD59491891C5A9006FD228 /* StoreKit.framework */,
				CACD594A1891C5A9006FD228 /* SystemConfiguration.framework */,
				CACD59401891C4DC006FD228 /* Parse.framework */,
				CA10089C1890647B0031CF68 /* Foundation.framework */,
				CA10089E1890647B0031CF68 /* CoreGraphics.framework */,
				CA1008A01890647B0031CF68 /* UIKit.framework */,
				CA1008BB1890647B0031CF68 /* XCTest.framework */,
			);
			name = Frameworks;
			sourceTree = "<group>";
		};
		CA1008A21890647B0031CF68 /* WeTrade */ = {
			isa = PBXGroup;
			children = (
				CA977C4918964280002AD88F /* Clients */,
				CA89420418B984F80046C1BD /* Services */,
				CACD59581891CA09006FD228 /* Models */,
				CACD59651891D099006FD228 /* Views */,
				CACD59571891C9A8006FD228 /* Controllers */,
				CAC6C27C189AB193006A84BC /* ViewDeck */,
				CA1008AB1890647B0031CF68 /* AppDelegate.h */,
				CA1008AC1890647B0031CF68 /* AppDelegate.m */,
				CA7B32FA1898988B001C14AF /* Constants.h */,
				CA7B32FB1898988B001C14AF /* Constants.m */,
				CA1008B41890647B0031CF68 /* Images.xcassets */,
				CA829EFE18AC62C300AEA465 /* Assets */,
				CA1008A31890647B0031CF68 /* Supporting Files */,
			);
			path = WeTrade;
			sourceTree = "<group>";
		};
		CA1008A31890647B0031CF68 /* Supporting Files */ = {
			isa = PBXGroup;
			children = (
				CA1008A41890647B0031CF68 /* WeTrade-Info.plist */,
				CA1008A51890647B0031CF68 /* InfoPlist.strings */,
				CA1008A81890647B0031CF68 /* main.m */,
				CA1008AA1890647B0031CF68 /* WeTrade-Prefix.pch */,
			);
			name = "Supporting Files";
			sourceTree = "<group>";
		};
		CA1008C11890647B0031CF68 /* WeTradeTests */ = {
			isa = PBXGroup;
			children = (
				CA1008C71890647B0031CF68 /* WeTradeTests.m */,
				CA1008C21890647B0031CF68 /* Supporting Files */,
			);
			path = WeTradeTests;
			sourceTree = "<group>";
		};
		CA1008C21890647B0031CF68 /* Supporting Files */ = {
			isa = PBXGroup;
			children = (
				CA1008C31890647B0031CF68 /* WeTradeTests-Info.plist */,
				CA1008C41890647B0031CF68 /* InfoPlist.strings */,
			);
			name = "Supporting Files";
			sourceTree = "<group>";
		};
		CA829EFE18AC62C300AEA465 /* Assets */ = {
			isa = PBXGroup;
			children = (
				CA861DEB18AEC65C0057D163 /* follow_selected.png */,
				CA861DEC18AEC65C0057D163 /* follow.png */,
				CA829EFF18AC62D600AEA465 /* profile_default.jpeg */,
			);
			name = Assets;
			sourceTree = "<group>";
		};
		CA89420418B984F80046C1BD /* Services */ = {
			isa = PBXGroup;
			children = (
				CA861DDE18AEA4C00057D163 /* FollowingService.h */,
				CA861DDF18AEA4C00057D163 /* FollowingService.m */,
				CA89420518B9A49A0046C1BD /* PortfolioService.h */,
				CA89420618B9A49A0046C1BD /* PortfolioService.m */,
			);
			name = Services;
			sourceTree = "<group>";
		};
		CA977C4918964280002AD88F /* Clients */ = {
			isa = PBXGroup;
			children = (
				CACD59541891C6C6006FD228 /* ParseClient.h */,
				CACD59551891C6C6006FD228 /* ParseClient.m */,
				CA977C4A1896429D002AD88F /* FinanceClient.h */,
				CA977C4B1896429D002AD88F /* FinanceClient.m */,
			);
			name = Clients;
			sourceTree = "<group>";
		};
		CAB14EAC189727EE00B2C9BE /* CorePlotHeaders */ = {
			isa = PBXGroup;
			children = (
				CAB14EAD189727EE00B2C9BE /* CorePlot-CocoaTouch.h */,
				CAB14EAE189727EE00B2C9BE /* CPTAnimation.h */,
				CAB14EAF189727EE00B2C9BE /* CPTAnimationOperation.h */,
				CAB14EB0189727EE00B2C9BE /* CPTAnimationPeriod.h */,
				CAB14EB1189727EE00B2C9BE /* CPTAnnotation.h */,
				CAB14EB2189727EE00B2C9BE /* CPTAnnotationHostLayer.h */,
				CAB14EB3189727EE00B2C9BE /* CPTAxis.h */,
				CAB14EB4189727EE00B2C9BE /* CPTAxisLabel.h */,
				CAB14EB5189727EE00B2C9BE /* CPTAxisLabelGroup.h */,
				CAB14EB6189727EE00B2C9BE /* CPTAxisSet.h */,
				CAB14EB7189727EE00B2C9BE /* CPTAxisTitle.h */,
				CAB14EB8189727EE00B2C9BE /* CPTBarPlot.h */,
				CAB14EB9189727EE00B2C9BE /* CPTBorderedLayer.h */,
				CAB14EBA189727EE00B2C9BE /* CPTCalendarFormatter.h */,
				CAB14EBB189727EE00B2C9BE /* CPTColor.h */,
				CAB14EBC189727EE00B2C9BE /* CPTColorSpace.h */,
				CAB14EBD189727EE00B2C9BE /* CPTConstraints.h */,
				CAB14EBE189727EE00B2C9BE /* CPTDataSourceTestCase.h */,
				CAB14EBF189727EE00B2C9BE /* CPTDefinitions.h */,
				CAB14EC0189727EE00B2C9BE /* CPTDerivedXYGraph.h */,
				CAB14EC1189727EE00B2C9BE /* CPTExceptions.h */,
				CAB14EC2189727EE00B2C9BE /* CPTFill.h */,
				CAB14EC3189727EE00B2C9BE /* CPTFunctionDataSource.h */,
				CAB14EC4189727EE00B2C9BE /* CPTGradient.h */,
				CAB14EC5189727EE00B2C9BE /* CPTGraph.h */,
				CAB14EC6189727EE00B2C9BE /* CPTGraphHostingView.h */,
				CAB14EC7189727EE00B2C9BE /* CPTGridLineGroup.h */,
				CAB14EC8189727EE00B2C9BE /* CPTGridLines.h */,
				CAB14EC9189727EE00B2C9BE /* CPTImage.h */,
				CAB14ECA189727EE00B2C9BE /* CPTLayer.h */,
				CAB14ECB189727EE00B2C9BE /* CPTLayerAnnotation.h */,
				CAB14ECC189727EE00B2C9BE /* CPTLegend.h */,
				CAB14ECD189727EE00B2C9BE /* CPTLegendEntry.h */,
				CAB14ECE189727EE00B2C9BE /* CPTLimitBand.h */,
				CAB14ECF189727EE00B2C9BE /* CPTLineCap.h */,
				CAB14ED0189727EE00B2C9BE /* CPTLineStyle.h */,
				CAB14ED1189727EE00B2C9BE /* CPTMutableLineStyle.h */,
				CAB14ED2189727EE00B2C9BE /* CPTMutableNumericData+TypeConversion.h */,
				CAB14ED3189727EE00B2C9BE /* CPTMutableNumericData.h */,
				CAB14ED4189727EE00B2C9BE /* CPTMutablePlotRange.h */,
				CAB14ED5189727EE00B2C9BE /* CPTMutableShadow.h */,
				CAB14ED6189727EE00B2C9BE /* CPTMutableTextStyle.h */,
				CAB14ED7189727EE00B2C9BE /* CPTNumericData+TypeConversion.h */,
				CAB14ED8189727EE00B2C9BE /* CPTNumericData.h */,
				CAB14ED9189727EE00B2C9BE /* CPTNumericDataType.h */,
				CAB14EDA189727EE00B2C9BE /* CPTPathExtensions.h */,
				CAB14EDB189727EE00B2C9BE /* CPTPieChart.h */,
				CAB14EDC189727EE00B2C9BE /* CPTPlatformSpecificCategories.h */,
				CAB14EDD189727EE00B2C9BE /* CPTPlatformSpecificDefines.h */,
				CAB14EDE189727EE00B2C9BE /* CPTPlatformSpecificFunctions.h */,
				CAB14EDF189727EE00B2C9BE /* CPTPlot.h */,
				CAB14EE0189727EE00B2C9BE /* CPTPlotArea.h */,
				CAB14EE1189727EE00B2C9BE /* CPTPlotAreaFrame.h */,
				CAB14EE2189727EE00B2C9BE /* CPTPlotGroup.h */,
				CAB14EE3189727EE00B2C9BE /* CPTPlotRange.h */,
				CAB14EE4189727EE00B2C9BE /* CPTPlotSpace.h */,
				CAB14EE5189727EE00B2C9BE /* CPTPlotSpaceAnnotation.h */,
				CAB14EE6189727EE00B2C9BE /* CPTPlotSymbol.h */,
				CAB14EE7189727EE00B2C9BE /* CPTRangePlot.h */,
				CAB14EE8189727EE00B2C9BE /* CPTResponder.h */,
				CAB14EE9189727EE00B2C9BE /* CPTScatterPlot.h */,
				CAB14EEA189727EE00B2C9BE /* CPTShadow.h */,
				CAB14EEB189727EE00B2C9BE /* CPTTestCase.h */,
				CAB14EEC189727EE00B2C9BE /* CPTTextLayer.h */,
				CAB14EED189727EE00B2C9BE /* CPTTextStyle.h */,
				CAB14EEE189727EE00B2C9BE /* CPTTextStylePlatformSpecific.h */,
				CAB14EEF189727EE00B2C9BE /* CPTTheme.h */,
				CAB14EF0189727EE00B2C9BE /* CPTTimeFormatter.h */,
				CAB14EF1189727EE00B2C9BE /* CPTTradingRangePlot.h */,
				CAB14EF2189727EE00B2C9BE /* CPTUtilities.h */,
				CAB14EF3189727EE00B2C9BE /* CPTXYAxis.h */,
				CAB14EF4189727EE00B2C9BE /* CPTXYAxisSet.h */,
				CAB14EF5189727EE00B2C9BE /* CPTXYGraph.h */,
				CAB14EF6189727EE00B2C9BE /* CPTXYPlotSpace.h */,
				CAB14EF7189727EE00B2C9BE /* mainpage.h */,
				CAB14EF8189727EE00B2C9BE /* NSCoderExtensions.h */,
				CAB14EF9189727EE00B2C9BE /* NSDecimalNumberExtensions.h */,
				CAB14EFA189727EE00B2C9BE /* NSNumberExtensions.h */,
			);
			path = CorePlotHeaders;
			sourceTree = "<group>";
		};
		CAC6C27C189AB193006A84BC /* ViewDeck */ = {
			isa = PBXGroup;
			children = (
				CA5D112B1898CDF9006940E8 /* IIViewDeckController.h */,
				CA5D112C1898CDF9006940E8 /* IIViewDeckController.m */,
				CA5D112E1898CFDD006940E8 /* IIWrapController.h */,
				CA5D112F1898CFDD006940E8 /* IIWrapController.m */,
			);
			name = ViewDeck;
			sourceTree = "<group>";
		};
		CACD59571891C9A8006FD228 /* Controllers */ = {
			isa = PBXGroup;
			children = (
				CACD593318919E7E006FD228 /* Main.storyboard */,
				CACD593D1891C369006FD228 /* HomeViewController.h */,
				CACD593E1891C369006FD228 /* HomeViewController.m */,
				CACD595F1891CDB3006FD228 /* MenuViewController.h */,
				CACD59601891CDB3006FD228 /* MenuViewController.m */,
				CAA68943189B60F300CE7FAA /* FollowingViewController.h */,
				CAA68944189B60F300CE7FAA /* FollowingViewController.m */,
				CA0F62AB18A73D61001FAA1A /* StockViewController.h */,
				CA0F62AC18A73D61001FAA1A /* StockViewController.m */,
				CACD59621891CFDE006FD228 /* EditLotsViewController.h */,
				CACD59631891CFDE006FD228 /* EditLotsViewController.m */,
				CACD597D1891F779006FD228 /* AddLotViewController.h */,
				CACD597E1891F779006FD228 /* AddLotViewController.m */,
				CA60662618982BFE00A55D3F /* SignInViewController.h */,
				CA60662718982BFE00A55D3F /* SignInViewController.m */,
				CA60662918982CC600A55D3F /* SignUpViewController.h */,
				CA60662A18982CC600A55D3F /* SignUpViewController.m */,
			);
			name = Controllers;
			sourceTree = "<group>";
		};
		CACD59581891CA09006FD228 /* Models */ = {
			isa = PBXGroup;
			children = (
				CA977C4618962696002AD88F /* Position.h */,
				CA977C4718962696002AD88F /* Position.m */,
				CACD597A1891EA35006FD228 /* Lot.h */,
				CACD597B1891EA35006FD228 /* Lot.m */,
				CA0F62B318A7464F001FAA1A /* Comment.h */,
				CA0F62B418A7464F001FAA1A /* Comment.m */,
				CA977C4D18964E8E002AD88F /* Quote.h */,
				CA977C4E18964E8E002AD88F /* Quote.m */,
				CA4A1DA618AA93A1002D2DEC /* History.h */,
				CA4A1DA718AA93A1002D2DEC /* History.m */,
				CA0F62B618A7550D001FAA1A /* HistoricalQuote.h */,
				CA0F62B718A7550D001FAA1A /* HistoricalQuote.m */,
				CA977C3E1896118B002AD88F /* ParseObject.h */,
				CA977C3F1896118B002AD88F /* ParseObject.m */,
				CA0F62A618A6CFE9001FAA1A /* RestObject.h */,
				CA0F62A718A6CFE9001FAA1A /* RestObject.m */,
			);
			name = Models;
			sourceTree = "<group>";
		};
		CACD59651891D099006FD228 /* Views */ = {
			isa = PBXGroup;
			children = (
				CAA68940189B5FA400CE7FAA /* UserCell.h */,
				CAA68941189B5FA400CE7FAA /* UserCell.m */,
				CAA6893E189B5F8100CE7FAA /* UserCell.xib */,
				CACD596B1891D246006FD228 /* LotCell.h */,
				CACD596C1891D246006FD228 /* LotCell.m */,
				CACD59721891E67D006FD228 /* LotCell.xib */,
				CA977C411896212F002AD88F /* PositionCell.h */,
				CA977C421896212F002AD88F /* PositionCell.m */,
				CA977C441896214E002AD88F /* PositionCell.xib */,
				CA0F62AE18A742D2001FAA1A /* CommentCell.h */,
				CA0F62AF18A742D2001FAA1A /* CommentCell.m */,
				CA0F62B118A742F2001FAA1A /* CommentCell.xib */,
				CA6B5C0718AB0870006CB919 /* FollowButton.h */,
				CA6B5C0818AB0870006CB919 /* FollowButton.m */,
				CAFBB69D18B7D62700A8FD03 /* FollowBarButton.h */,
				CAFBB69E18B7D62700A8FD03 /* FollowBarButton.m */,
			);
			name = Views;
			sourceTree = "<group>";
		};
/* End PBXGroup section */

/* Begin PBXNativeTarget section */
		CA1008981890647B0031CF68 /* WeTrade */ = {
			isa = PBXNativeTarget;
			buildConfigurationList = CA1008CB1890647B0031CF68 /* Build configuration list for PBXNativeTarget "WeTrade" */;
			buildPhases = (
				CA1008951890647B0031CF68 /* Sources */,
				CA1008961890647B0031CF68 /* Frameworks */,
				CA1008971890647B0031CF68 /* Resources */,
			);
			buildRules = (
			);
			dependencies = (
			);
			name = WeTrade;
			productName = WeTrade;
			productReference = CA1008991890647B0031CF68 /* WeTrade.app */;
			productType = "com.apple.product-type.application";
		};
		CA1008B91890647B0031CF68 /* WeTradeTests */ = {
			isa = PBXNativeTarget;
			buildConfigurationList = CA1008CE1890647B0031CF68 /* Build configuration list for PBXNativeTarget "WeTradeTests" */;
			buildPhases = (
				CA1008B61890647B0031CF68 /* Sources */,
				CA1008B71890647B0031CF68 /* Frameworks */,
				CA1008B81890647B0031CF68 /* Resources */,
			);
			buildRules = (
			);
			dependencies = (
				CA1008C01890647B0031CF68 /* PBXTargetDependency */,
			);
			name = WeTradeTests;
			productName = WeTradeTests;
			productReference = CA1008BA1890647B0031CF68 /* WeTradeTests.xctest */;
			productType = "com.apple.product-type.bundle.unit-test";
		};
/* End PBXNativeTarget section */

/* Begin PBXProject section */
		CA1008911890647B0031CF68 /* Project object */ = {
			isa = PBXProject;
			attributes = {
				LastUpgradeCheck = 0500;
				ORGANIZATIONNAME = "Jason Wells";
				TargetAttributes = {
					CA1008B91890647B0031CF68 = {
						TestTargetID = CA1008981890647B0031CF68;
					};
				};
			};
			buildConfigurationList = CA1008941890647B0031CF68 /* Build configuration list for PBXProject "WeTrade" */;
			compatibilityVersion = "Xcode 3.2";
			developmentRegion = English;
			hasScannedForEncodings = 0;
			knownRegions = (
				en,
				Base,
				English,
			);
			mainGroup = CA1008901890647B0031CF68;
			productRefGroup = CA10089A1890647B0031CF68 /* Products */;
			projectDirPath = "";
			projectRoot = "";
			targets = (
				CA1008981890647B0031CF68 /* WeTrade */,
				CA1008B91890647B0031CF68 /* WeTradeTests */,
			);
		};
/* End PBXProject section */

/* Begin PBXResourcesBuildPhase section */
		CA1008971890647B0031CF68 /* Resources */ = {
			isa = PBXResourcesBuildPhase;
			buildActionMask = 2147483647;
			files = (
				CAA6893F189B5F8100CE7FAA /* UserCell.xib in Resources */,
				CA1008B51890647B0031CF68 /* Images.xcassets in Resources */,
				CACD59731891E67D006FD228 /* LotCell.xib in Resources */,
				CA861DED18AEC65C0057D163 /* follow_selected.png in Resources */,
				CA861DEE18AEC65C0057D163 /* follow.png in Resources */,
				CA977C451896214E002AD88F /* PositionCell.xib in Resources */,
				CA1008A71890647B0031CF68 /* InfoPlist.strings in Resources */,
				CA829F0018AC62D600AEA465 /* profile_default.jpeg in Resources */,
				CACD593418919E7E006FD228 /* Main.storyboard in Resources */,
				CA0F62B218A742F2001FAA1A /* CommentCell.xib in Resources */,
			);
			runOnlyForDeploymentPostprocessing = 0;
		};
		CA1008B81890647B0031CF68 /* Resources */ = {
			isa = PBXResourcesBuildPhase;
			buildActionMask = 2147483647;
			files = (
				CA1008C61890647B0031CF68 /* InfoPlist.strings in Resources */,
			);
			runOnlyForDeploymentPostprocessing = 0;
		};
/* End PBXResourcesBuildPhase section */

/* Begin PBXSourcesBuildPhase section */
		CA1008951890647B0031CF68 /* Sources */ = {
			isa = PBXSourcesBuildPhase;
			buildActionMask = 2147483647;
			files = (
				CA0F62B818A7550D001FAA1A /* HistoricalQuote.m in Sources */,
				CA1008AD1890647B0031CF68 /* AppDelegate.m in Sources */,
				CA5D11301898CFDD006940E8 /* IIWrapController.m in Sources */,
				CA0F62AD18A73D61001FAA1A /* StockViewController.m in Sources */,
				CAFBB69F18B7D62700A8FD03 /* FollowBarButton.m in Sources */,
				CACD597F1891F779006FD228 /* AddLotViewController.m in Sources */,
				CA977C431896212F002AD88F /* PositionCell.m in Sources */,
				CA977C4F18964E8E002AD88F /* Quote.m in Sources */,
				CA60662B18982CC600A55D3F /* SignUpViewController.m in Sources */,
				CA977C4C1896429D002AD88F /* FinanceClient.m in Sources */,
				CAA68945189B60F300CE7FAA /* FollowingViewController.m in Sources */,
				CACD596D1891D246006FD228 /* LotCell.m in Sources */,
				CACD59641891CFDE006FD228 /* EditLotsViewController.m in Sources */,
				CA6B5C0918AB0870006CB919 /* FollowButton.m in Sources */,
				CAA68942189B5FA400CE7FAA /* UserCell.m in Sources */,
				CA861DE018AEA4C00057D163 /* FollowingService.m in Sources */,
				CA977C4818962696002AD88F /* Position.m in Sources */,
				CA0F62B518A7464F001FAA1A /* Comment.m in Sources */,
				CA0F62A818A6CFE9001FAA1A /* RestObject.m in Sources */,
				CA60662818982BFE00A55D3F /* SignInViewController.m in Sources */,
				CA4A1DA818AA93A1002D2DEC /* History.m in Sources */,
				CA89420718B9A49A0046C1BD /* PortfolioService.m in Sources */,
				CA5D112D1898CDF9006940E8 /* IIViewDeckController.m in Sources */,
				CA977C401896118B002AD88F /* ParseObject.m in Sources */,
				CA1008A91890647B0031CF68 /* main.m in Sources */,
				CACD593F1891C369006FD228 /* HomeViewController.m in Sources */,
				CA0F62B018A742D2001FAA1A /* CommentCell.m in Sources */,
				CACD597C1891EA35006FD228 /* Lot.m in Sources */,
				CACD59561891C6C6006FD228 /* ParseClient.m in Sources */,
				CACD59611891CDB3006FD228 /* MenuViewController.m in Sources */,
				CA7B32FC1898988B001C14AF /* Constants.m in Sources */,
			);
			runOnlyForDeploymentPostprocessing = 0;
		};
		CA1008B61890647B0031CF68 /* Sources */ = {
			isa = PBXSourcesBuildPhase;
			buildActionMask = 2147483647;
			files = (
				CA1008C81890647B0031CF68 /* WeTradeTests.m in Sources */,
			);
			runOnlyForDeploymentPostprocessing = 0;
		};
/* End PBXSourcesBuildPhase section */

/* Begin PBXTargetDependency section */
		CA1008C01890647B0031CF68 /* PBXTargetDependency */ = {
			isa = PBXTargetDependency;
			target = CA1008981890647B0031CF68 /* WeTrade */;
			targetProxy = CA1008BF1890647B0031CF68 /* PBXContainerItemProxy */;
		};
/* End PBXTargetDependency section */

/* Begin PBXVariantGroup section */
		CA1008A51890647B0031CF68 /* InfoPlist.strings */ = {
			isa = PBXVariantGroup;
			children = (
				CA1008A61890647B0031CF68 /* en */,
			);
			name = InfoPlist.strings;
			sourceTree = "<group>";
		};
		CA1008C41890647B0031CF68 /* InfoPlist.strings */ = {
			isa = PBXVariantGroup;
			children = (
				CA1008C51890647B0031CF68 /* en */,
			);
			name = InfoPlist.strings;
			sourceTree = "<group>";
		};
/* End PBXVariantGroup section */

/* Begin XCBuildConfiguration section */
		CA1008C91890647B0031CF68 /* Debug */ = {
			isa = XCBuildConfiguration;
			buildSettings = {
				ALWAYS_SEARCH_USER_PATHS = NO;
				ARCHS = "$(ARCHS_STANDARD_INCLUDING_64_BIT)";
				CLANG_CXX_LANGUAGE_STANDARD = "gnu++0x";
				CLANG_CXX_LIBRARY = "libc++";
				CLANG_ENABLE_MODULES = YES;
				CLANG_ENABLE_OBJC_ARC = YES;
				CLANG_WARN_BOOL_CONVERSION = YES;
				CLANG_WARN_CONSTANT_CONVERSION = YES;
				CLANG_WARN_DIRECT_OBJC_ISA_USAGE = YES_ERROR;
				CLANG_WARN_EMPTY_BODY = YES;
				CLANG_WARN_ENUM_CONVERSION = YES;
				CLANG_WARN_INT_CONVERSION = YES;
				CLANG_WARN_OBJC_ROOT_CLASS = YES_ERROR;
				CLANG_WARN__DUPLICATE_METHOD_MATCH = YES;
				"CODE_SIGN_IDENTITY[sdk=iphoneos*]" = "iPhone Developer";
				COPY_PHASE_STRIP = NO;
				GCC_C_LANGUAGE_STANDARD = gnu99;
				GCC_DYNAMIC_NO_PIC = NO;
				GCC_OPTIMIZATION_LEVEL = 0;
				GCC_PREPROCESSOR_DEFINITIONS = (
					"DEBUG=1",
					"$(inherited)",
				);
				GCC_SYMBOLS_PRIVATE_EXTERN = NO;
				GCC_WARN_64_TO_32_BIT_CONVERSION = YES;
				GCC_WARN_ABOUT_RETURN_TYPE = YES_ERROR;
				GCC_WARN_UNDECLARED_SELECTOR = YES;
				GCC_WARN_UNINITIALIZED_AUTOS = YES;
				GCC_WARN_UNUSED_FUNCTION = YES;
				GCC_WARN_UNUSED_VARIABLE = YES;
				IPHONEOS_DEPLOYMENT_TARGET = 7.0;
				ONLY_ACTIVE_ARCH = YES;
				SDKROOT = iphoneos;
			};
			name = Debug;
		};
		CA1008CA1890647B0031CF68 /* Release */ = {
			isa = XCBuildConfiguration;
			buildSettings = {
				ALWAYS_SEARCH_USER_PATHS = NO;
				ARCHS = "$(ARCHS_STANDARD_INCLUDING_64_BIT)";
				CLANG_CXX_LANGUAGE_STANDARD = "gnu++0x";
				CLANG_CXX_LIBRARY = "libc++";
				CLANG_ENABLE_MODULES = YES;
				CLANG_ENABLE_OBJC_ARC = YES;
				CLANG_WARN_BOOL_CONVERSION = YES;
				CLANG_WARN_CONSTANT_CONVERSION = YES;
				CLANG_WARN_DIRECT_OBJC_ISA_USAGE = YES_ERROR;
				CLANG_WARN_EMPTY_BODY = YES;
				CLANG_WARN_ENUM_CONVERSION = YES;
				CLANG_WARN_INT_CONVERSION = YES;
				CLANG_WARN_OBJC_ROOT_CLASS = YES_ERROR;
				CLANG_WARN__DUPLICATE_METHOD_MATCH = YES;
				"CODE_SIGN_IDENTITY[sdk=iphoneos*]" = "iPhone Developer";
				COPY_PHASE_STRIP = YES;
				ENABLE_NS_ASSERTIONS = NO;
				GCC_C_LANGUAGE_STANDARD = gnu99;
				GCC_WARN_64_TO_32_BIT_CONVERSION = YES;
				GCC_WARN_ABOUT_RETURN_TYPE = YES_ERROR;
				GCC_WARN_UNDECLARED_SELECTOR = YES;
				GCC_WARN_UNINITIALIZED_AUTOS = YES;
				GCC_WARN_UNUSED_FUNCTION = YES;
				GCC_WARN_UNUSED_VARIABLE = YES;
				IPHONEOS_DEPLOYMENT_TARGET = 7.0;
				SDKROOT = iphoneos;
				VALIDATE_PRODUCT = YES;
			};
			name = Release;
		};
		CA1008CC1890647B0031CF68 /* Debug */ = {
			isa = XCBuildConfiguration;
			buildSettings = {
				ARCHS = "$(ARCHS_STANDARD_INCLUDING_64_BIT)";
				ASSETCATALOG_COMPILER_APPICON_NAME = AppIcon;
				ASSETCATALOG_COMPILER_LAUNCHIMAGE_NAME = LaunchImage;
				FRAMEWORK_SEARCH_PATHS = (
					"$(inherited)",
					/Users/jwells/git/WeTrade,
				);
				GCC_PRECOMPILE_PREFIX_HEADER = YES;
				GCC_PREFIX_HEADER = "WeTrade/WeTrade-Prefix.pch";
				INFOPLIST_FILE = "WeTrade/WeTrade-Info.plist";
				LIBRARY_SEARCH_PATHS = (
					"$(inherited)",
					/Users/jwells/git/WeTrade/CorePlotHeaders,
					/Users/jwells/git/WeTrade,
				);
				OTHER_LDFLAGS = (
					"-ObjC",
					"-all_load",
				);
				PRODUCT_NAME = "$(TARGET_NAME)";
				VALID_ARCHS = "arm64 armv7 armv7s";
				WRAPPER_EXTENSION = app;
			};
			name = Debug;
		};
		CA1008CD1890647B0031CF68 /* Release */ = {
			isa = XCBuildConfiguration;
			buildSettings = {
				ARCHS = "$(ARCHS_STANDARD_INCLUDING_64_BIT)";
				ASSETCATALOG_COMPILER_APPICON_NAME = AppIcon;
				ASSETCATALOG_COMPILER_LAUNCHIMAGE_NAME = LaunchImage;
				FRAMEWORK_SEARCH_PATHS = (
					"$(inherited)",
					/Users/jwells/git/WeTrade,
				);
				GCC_PRECOMPILE_PREFIX_HEADER = YES;
				GCC_PREFIX_HEADER = "WeTrade/WeTrade-Prefix.pch";
				INFOPLIST_FILE = "WeTrade/WeTrade-Info.plist";
				LIBRARY_SEARCH_PATHS = (
					"$(inherited)",
					/Users/jwells/git/WeTrade/CorePlotHeaders,
					/Users/jwells/git/WeTrade,
				);
				OTHER_LDFLAGS = (
					"-ObjC",
					"-all_load",
				);
				PRODUCT_NAME = "$(TARGET_NAME)";
				VALID_ARCHS = "arm64 armv7 armv7s";
				WRAPPER_EXTENSION = app;
			};
			name = Release;
		};
		CA1008CF1890647B0031CF68 /* Debug */ = {
			isa = XCBuildConfiguration;
			buildSettings = {
				ARCHS = "$(ARCHS_STANDARD_INCLUDING_64_BIT)";
				BUNDLE_LOADER = "$(BUILT_PRODUCTS_DIR)/WeTrade.app/WeTrade";
				FRAMEWORK_SEARCH_PATHS = (
					"$(SDKROOT)/Developer/Library/Frameworks",
					"$(inherited)",
					"$(DEVELOPER_FRAMEWORKS_DIR)",
				);
				GCC_PRECOMPILE_PREFIX_HEADER = YES;
				GCC_PREFIX_HEADER = "WeTrade/WeTrade-Prefix.pch";
				GCC_PREPROCESSOR_DEFINITIONS = (
					"DEBUG=1",
					"$(inherited)",
				);
				INFOPLIST_FILE = "WeTradeTests/WeTradeTests-Info.plist";
				PRODUCT_NAME = "$(TARGET_NAME)";
				TEST_HOST = "$(BUNDLE_LOADER)";
				WRAPPER_EXTENSION = xctest;
			};
			name = Debug;
		};
		CA1008D01890647B0031CF68 /* Release */ = {
			isa = XCBuildConfiguration;
			buildSettings = {
				ARCHS = "$(ARCHS_STANDARD_INCLUDING_64_BIT)";
				BUNDLE_LOADER = "$(BUILT_PRODUCTS_DIR)/WeTrade.app/WeTrade";
				FRAMEWORK_SEARCH_PATHS = (
					"$(SDKROOT)/Developer/Library/Frameworks",
					"$(inherited)",
					"$(DEVELOPER_FRAMEWORKS_DIR)",
				);
				GCC_PRECOMPILE_PREFIX_HEADER = YES;
				GCC_PREFIX_HEADER = "WeTrade/WeTrade-Prefix.pch";
				INFOPLIST_FILE = "WeTradeTests/WeTradeTests-Info.plist";
				PRODUCT_NAME = "$(TARGET_NAME)";
				TEST_HOST = "$(BUNDLE_LOADER)";
				WRAPPER_EXTENSION = xctest;
			};
			name = Release;
		};
/* End XCBuildConfiguration section */

/* Begin XCConfigurationList section */
		CA1008941890647B0031CF68 /* Build configuration list for PBXProject "WeTrade" */ = {
			isa = XCConfigurationList;
			buildConfigurations = (
				CA1008C91890647B0031CF68 /* Debug */,
				CA1008CA1890647B0031CF68 /* Release */,
			);
			defaultConfigurationIsVisible = 0;
			defaultConfigurationName = Release;
		};
		CA1008CB1890647B0031CF68 /* Build configuration list for PBXNativeTarget "WeTrade" */ = {
			isa = XCConfigurationList;
			buildConfigurations = (
				CA1008CC1890647B0031CF68 /* Debug */,
				CA1008CD1890647B0031CF68 /* Release */,
			);
			defaultConfigurationIsVisible = 0;
			defaultConfigurationName = Release;
		};
		CA1008CE1890647B0031CF68 /* Build configuration list for PBXNativeTarget "WeTradeTests" */ = {
			isa = XCConfigurationList;
			buildConfigurations = (
				CA1008CF1890647B0031CF68 /* Debug */,
				CA1008D01890647B0031CF68 /* Release */,
			);
			defaultConfigurationIsVisible = 0;
			defaultConfigurationName = Release;
		};
/* End XCConfigurationList section */
	};
	rootObject = CA1008911890647B0031CF68 /* Project object */;
}
